
Microsoft Visual Studio Solution File, Format Version 12.00
# Visual Studio Version 17
VisualStudioVersion = 17.10.35122.118
MinimumVisualStudioVersion = 10.0.40219.1
Project("{FAE04EC0-301F-11D3-BF4B-00C04F79EFBC}") = "parcial#1-DS4", "parcial#1-DS4.csproj", "{E204009E-119A-49E3-9DFC-360ADACE2F3D}"
EndProject
Global
	GlobalSection(SolutionConfigurationPlatforms) = preSolution
		Debug|Any CPU = Debug|Any CPU
		Release|Any CPU = Release|Any CPU
	EndGlobalSection
	GlobalSection(ProjectConfigurationPlatforms) = postSolution
		{E204009E-119A-49E3-9DFC-360ADACE2F3D}.Debug|Any CPU.ActiveCfg = Debug|Any CPU
		{E204009E-119A-49E3-9DFC-360ADACE2F3D}.Debug|Any CPU.Build.0 = Debug|Any CPU
		{E204009E-119A-49E3-9DFC-360ADACE2F3D}.Release|Any CPU.ActiveCfg = Release|Any CPU
		{E204009E-119A-49E3-9DFC-360ADACE2F3D}.Release|Any CPU.Build.0 = Release|Any CPU
	EndGlobalSection
	GlobalSection(SolutionProperties) = preSolution
		HideSolutionNode = FALSE
	EndGlobalSection
	GlobalSection(ExtensibilityGlobals) = postSolution
		SolutionGuid = {08D94319-0A34-457B-A027-9948ECD264F6}
	EndGlobalSection
EndGlobal
